
Microsoft Visual Studio Solution File, Format Version 12.00
# Visual Studio Version 17
VisualStudioVersion = 17.3.32922.545
MinimumVisualStudioVersion = 10.0.40219.1
Project("{FAE04EC0-301F-11D3-BF4B-00C04F79EFBC}") = "Libreria_ACL2", "Libreria_ACL2\Libreria_ACL2.csproj", "{EBEC13BC-1A97-4ED4-ADA5-848E1BA02420}"
EndProject
Global
	GlobalSection(SolutionConfigurationPlatforms) = preSolution
		Debug|Any CPU = Debug|Any CPU
		Release|Any CPU = Release|Any CPU
	EndGlobalSection
	GlobalSection(ProjectConfigurationPlatforms) = postSolution
		{EBEC13BC-1A97-4ED4-ADA5-848E1BA02420}.Debug|Any CPU.ActiveCfg = Debug|Any CPU
		{EBEC13BC-1A97-4ED4-ADA5-848E1BA02420}.Debug|Any CPU.Build.0 = Debug|Any CPU
		{EBEC13BC-1A97-4ED4-ADA5-848E1BA02420}.Release|Any CPU.ActiveCfg = Release|Any CPU
		{EBEC13BC-1A97-4ED4-ADA5-848E1BA02420}.Release|Any CPU.Build.0 = Release|Any CPU
	EndGlobalSection
	GlobalSection(SolutionProperties) = preSolution
		HideSolutionNode = FALSE
	EndGlobalSection
	GlobalSection(ExtensibilityGlobals) = postSolution
		SolutionGuid = {CF876560-83B6-4760-BE9C-D83F6AAD5EE2}
	EndGlobalSection
EndGlobal
